
Microsoft Visual Studio Solution File, Format Version 12.00
# Visual Studio Version 16
VisualStudioVersion = 16.0.30128.74
MinimumVisualStudioVersion = 10.0.40219.1
Project("{9A19103F-16F7-4668-BE54-9A1E7A4F7556}") = "Statistics", "Statisics\Statistics.csproj", "{0C835387-6021-43CD-9CF1-02BFB95EE9DD}"
EndProject
Global
	GlobalSection(SolutionConfigurationPlatforms) = preSolution
		Debug|Any CPU = Debug|Any CPU
		Release|Any CPU = Release|Any CPU
	EndGlobalSection
	GlobalSection(ProjectConfigurationPlatforms) = postSolution
		{0C835387-6021-43CD-9CF1-02BFB95EE9DD}.Debug|Any CPU.ActiveCfg = Debug|Any CPU
		{0C835387-6021-43CD-9CF1-02BFB95EE9DD}.Debug|Any CPU.Build.0 = Debug|Any CPU
		{0C835387-6021-43CD-9CF1-02BFB95EE9DD}.Release|Any CPU.ActiveCfg = Release|Any CPU
		{0C835387-6021-43CD-9CF1-02BFB95EE9DD}.Release|Any CPU.Build.0 = Release|Any CPU
	EndGlobalSection
	GlobalSection(SolutionProperties) = preSolution
		HideSolutionNode = FALSE
	EndGlobalSection
	GlobalSection(ExtensibilityGlobals) = postSolution
		SolutionGuid = {A5459CE4-4B3E-458E-A8DF-7D4E039A22D6}
	EndGlobalSection
EndGlobal
