
Microsoft Visual Studio Solution File, Format Version 12.00
# Visual Studio Version 16
VisualStudioVersion = 16.0.29806.167
MinimumVisualStudioVersion = 10.0.40219.1
Project("{9A19103F-16F7-4668-BE54-9A1E7A4F7556}") = "Infrastructure", "Infrastructure\Infrastructure.csproj", "{6CC34C75-37EE-46F4-89F8-A5B4D8D73CDE}"
EndProject
Project("{9A19103F-16F7-4668-BE54-9A1E7A4F7556}") = "Broker", "Broker\Broker.csproj", "{7D52C7C0-BDBD-4BC7-AB26-47AD65E1AE87}"
EndProject
Project("{9A19103F-16F7-4668-BE54-9A1E7A4F7556}") = "Publisher", "Publisher\Publisher.csproj", "{E4A92757-5E81-4C13-8184-A424A474EB14}"
EndProject
Project("{9A19103F-16F7-4668-BE54-9A1E7A4F7556}") = "Subscriber", "Subscriber\Subscriber.csproj", "{EC5B07AF-C017-4EF7-A90D-AC318455327D}"
EndProject
Project("{9A19103F-16F7-4668-BE54-9A1E7A4F7556}") = "Statistics", "Statisics\Statistics.csproj", "{6878B5D4-2A10-42A7-8ECC-801FDA546813}"
EndProject
Global
	GlobalSection(SolutionConfigurationPlatforms) = preSolution
		Debug|Any CPU = Debug|Any CPU
		Release|Any CPU = Release|Any CPU
	EndGlobalSection
	GlobalSection(ProjectConfigurationPlatforms) = postSolution
		{6CC34C75-37EE-46F4-89F8-A5B4D8D73CDE}.Debug|Any CPU.ActiveCfg = Debug|Any CPU
		{6CC34C75-37EE-46F4-89F8-A5B4D8D73CDE}.Debug|Any CPU.Build.0 = Debug|Any CPU
		{6CC34C75-37EE-46F4-89F8-A5B4D8D73CDE}.Release|Any CPU.ActiveCfg = Release|Any CPU
		{6CC34C75-37EE-46F4-89F8-A5B4D8D73CDE}.Release|Any CPU.Build.0 = Release|Any CPU
		{7D52C7C0-BDBD-4BC7-AB26-47AD65E1AE87}.Debug|Any CPU.ActiveCfg = Debug|Any CPU
		{7D52C7C0-BDBD-4BC7-AB26-47AD65E1AE87}.Debug|Any CPU.Build.0 = Debug|Any CPU
		{7D52C7C0-BDBD-4BC7-AB26-47AD65E1AE87}.Release|Any CPU.ActiveCfg = Release|Any CPU
		{7D52C7C0-BDBD-4BC7-AB26-47AD65E1AE87}.Release|Any CPU.Build.0 = Release|Any CPU
		{E4A92757-5E81-4C13-8184-A424A474EB14}.Debug|Any CPU.ActiveCfg = Debug|Any CPU
		{E4A92757-5E81-4C13-8184-A424A474EB14}.Debug|Any CPU.Build.0 = Debug|Any CPU
		{E4A92757-5E81-4C13-8184-A424A474EB14}.Release|Any CPU.ActiveCfg = Release|Any CPU
		{E4A92757-5E81-4C13-8184-A424A474EB14}.Release|Any CPU.Build.0 = Release|Any CPU
		{EC5B07AF-C017-4EF7-A90D-AC318455327D}.Debug|Any CPU.ActiveCfg = Debug|Any CPU
		{EC5B07AF-C017-4EF7-A90D-AC318455327D}.Debug|Any CPU.Build.0 = Debug|Any CPU
		{EC5B07AF-C017-4EF7-A90D-AC318455327D}.Release|Any CPU.ActiveCfg = Release|Any CPU
		{EC5B07AF-C017-4EF7-A90D-AC318455327D}.Release|Any CPU.Build.0 = Release|Any CPU
		{6878B5D4-2A10-42A7-8ECC-801FDA546813}.Debug|Any CPU.ActiveCfg = Debug|Any CPU
		{6878B5D4-2A10-42A7-8ECC-801FDA546813}.Debug|Any CPU.Build.0 = Debug|Any CPU
		{6878B5D4-2A10-42A7-8ECC-801FDA546813}.Release|Any CPU.ActiveCfg = Release|Any CPU
		{6878B5D4-2A10-42A7-8ECC-801FDA546813}.Release|Any CPU.Build.0 = Release|Any CPU
	EndGlobalSection
	GlobalSection(SolutionProperties) = preSolution
		HideSolutionNode = FALSE
	EndGlobalSection
	GlobalSection(ExtensibilityGlobals) = postSolution
		SolutionGuid = {61A20868-72BC-4899-9ED2-6FD2B5E0184B}
	EndGlobalSection
EndGlobal
